<?xml version="1.0" encoding="UTF-8" standalone="yes" ?>
<CodeBlocks_project_file>
	<FileVersion major="1" minor="6" />
	<Project>
		<Option title="T1_TP1" />
		<Option pch_mode="2" />
		<Option compiler="gcc" />
		<Build>
			<Target title="Debug">
				<Option output="bin/Debug/T1_TP1" prefix_auto="1" extension_auto="1" />
				<Option object_output="obj/Debug/" />
				<Option type="1" />
				<Option compiler="gcc" />
				<Compiler>
					<Add option="-g" />
					<Add directory="include" />
					<Add directory="include/autenticacao" />
				</Compiler>
			</Target>
			<Target title="Release">
				<Option output="bin/Release/T1_TP1" prefix_auto="1" extension_auto="1" />
				<Option object_output="obj/Release/" />
				<Option type="1" />
				<Option compiler="gcc" />
				<Compiler>
					<Add option="-O2" />
					<Add directory="include" />
					<Add directory="include/autenticacao" />
				</Compiler>
				<Linker>
					<Add option="-s" />
				</Linker>
			</Target>
		</Build>
		<Compiler>
			<Add option="-Wall" />
		</Compiler>
		<Unit filename="include/CodigoProjeto.h" />
		<Unit filename="include/Custo.h" />
		<Unit filename="include/Desenvolvedor.h" />
		<Unit filename="include/Email.h" />
		<Unit filename="include/EstadoProjeto.h" />
		<Unit filename="include/FaseProjeto.h" />
		<Unit filename="include/Funcao.h" />
		<Unit filename="include/GerenteProjeto.h" />
		<Unit filename="include/GerenteSistema.h" />
		<Unit filename="include/IRN_Pessoa.h" />
		<Unit filename="include/IRN_Projetos.h" />
		<Unit filename="include/MIU_Autenticacao.h" />
		<Unit filename="include/MIU_Pessoa.h" />
		<Unit filename="include/MRN_Autenticacao.h" />
		<Unit filename="include/MRN_Pessoa.h" />
		<Unit filename="include/Matricula.h" />
		<Unit filename="include/Nome.h" />
		<Unit filename="include/Pessoa.h" />
		<Unit filename="include/Projeto.h" />
		<Unit filename="include/Senha.h" />
		<Unit filename="include/Telefone.h" />
		<Unit filename="include/autenticacao/IRN_Autenticao.h" />
		<Unit filename="include/data.h" />
		<Unit filename="src/CodigoProjeto.cpp" />
		<Unit filename="src/Custo.cpp" />
		<Unit filename="src/Data.cpp" />
		<Unit filename="src/Desenvolvedor.cpp" />
		<Unit filename="src/Email.cpp" />
		<Unit filename="src/EstadoProjeto.cpp" />
		<Unit filename="src/FaseProjeto.cpp" />
		<Unit filename="src/Funcao.cpp" />
		<Unit filename="src/GerenteProjeto.cpp" />
		<Unit filename="src/GerenteSistema.cpp" />
		<Unit filename="src/MIU_Autenticacao.cpp" />
		<Unit filename="src/MIU_Pessoa.cpp" />
		<Unit filename="src/MRN_Autenticacao.cpp" />
		<Unit filename="src/MRN_Pessoa.cpp" />
		<Unit filename="src/Matricula.cpp" />
		<Unit filename="src/Nome.cpp" />
		<Unit filename="src/Pessoa.cpp" />
		<Unit filename="src/Projeto.cpp" />
		<Unit filename="src/Senha.cpp" />
		<Unit filename="src/Telefone.cpp" />
		<Unit filename="src/main.cpp" />
		<Extensions>
			<DoxyBlocks>
				<comment_style block="0" line="0" />
				<doxyfile_project />
				<doxyfile_build />
				<doxyfile_warnings />
				<doxyfile_output />
				<doxyfile_dot />
				<general />
			</DoxyBlocks>
			<code_completion />
			<envvars />
			<debugger />
			<lib_finder disable_auto="1" />
		</Extensions>
	</Project>
</CodeBlocks_project_file>
